
Microsoft Visual Studio Solution File, Format Version 12.00
# Visual Studio Version 16
VisualStudioVersion = 16.0.31729.503
MinimumVisualStudioVersion = 10.0.40219.1
Project("{FAE04EC0-301F-11D3-BF4B-00C04F79EFBC}") = "APIMovieExample", "APIMovieExample\APIMovieExample.csproj", "{48035B82-18B2-496F-BA98-D228E4F9EAB9}"
EndProject
Project("{FAE04EC0-301F-11D3-BF4B-00C04F79EFBC}") = "APIMovieTest", "APIMovieTest\APIMovieTest.csproj", "{C9931FC8-8BA8-4C67-B6E7-1C98F10D980F}"
EndProject
Global
	GlobalSection(SolutionConfigurationPlatforms) = preSolution
		Debug|Any CPU = Debug|Any CPU
		Release|Any CPU = Release|Any CPU
	EndGlobalSection
	GlobalSection(ProjectConfigurationPlatforms) = postSolution
		{48035B82-18B2-496F-BA98-D228E4F9EAB9}.Debug|Any CPU.ActiveCfg = Debug|Any CPU
		{48035B82-18B2-496F-BA98-D228E4F9EAB9}.Debug|Any CPU.Build.0 = Debug|Any CPU
		{48035B82-18B2-496F-BA98-D228E4F9EAB9}.Release|Any CPU.ActiveCfg = Release|Any CPU
		{48035B82-18B2-496F-BA98-D228E4F9EAB9}.Release|Any CPU.Build.0 = Release|Any CPU
		{C9931FC8-8BA8-4C67-B6E7-1C98F10D980F}.Debug|Any CPU.ActiveCfg = Debug|Any CPU
		{C9931FC8-8BA8-4C67-B6E7-1C98F10D980F}.Debug|Any CPU.Build.0 = Debug|Any CPU
		{C9931FC8-8BA8-4C67-B6E7-1C98F10D980F}.Release|Any CPU.ActiveCfg = Release|Any CPU
		{C9931FC8-8BA8-4C67-B6E7-1C98F10D980F}.Release|Any CPU.Build.0 = Release|Any CPU
	EndGlobalSection
	GlobalSection(SolutionProperties) = preSolution
		HideSolutionNode = FALSE
	EndGlobalSection
	GlobalSection(ExtensibilityGlobals) = postSolution
		SolutionGuid = {D113753B-D62F-46EC-B6C5-2DD3D4CAE119}
	EndGlobalSection
EndGlobal
