
Microsoft Visual Studio Solution File, Format Version 12.00
# Visual Studio Version 17
VisualStudioVersion = 17.3.32929.385
MinimumVisualStudioVersion = 10.0.40219.1
Project("{9A19103F-16F7-4668-BE54-9A1E7A4F7556}") = "APIMovie", "APIMovieExample\APIMovie.csproj", "{48035B82-18B2-496F-BA98-D228E4F9EAB9}"
EndProject
Project("{9A19103F-16F7-4668-BE54-9A1E7A4F7556}") = "APIMovieTest", "APIMovieTest\APIMovieTest.csproj", "{C9931FC8-8BA8-4C67-B6E7-1C98F10D980F}"
EndProject
Project("{FAE04EC0-301F-11D3-BF4B-00C04F79EFBC}") = "PersistanceLayer", "PersistanceLayer\PersistanceLayer.csproj", "{854A0B9C-EA73-4F0B-ADC3-FC3634C9DE10}"
EndProject
Project("{FAE04EC0-301F-11D3-BF4B-00C04F79EFBC}") = "Models", "Models\Models.csproj", "{2AA7E01A-0CCC-4FAD-87F1-6011FBF45F08}"
EndProject
Project("{FAE04EC0-301F-11D3-BF4B-00C04F79EFBC}") = "BusinessLayer", "BusinessLayer\BusinessLayer.csproj", "{C7880262-4D50-4898-AC64-240C42C524BD}"
EndProject
Project("{FAE04EC0-301F-11D3-BF4B-00C04F79EFBC}") = "Core", "Core\Core.csproj", "{398793E1-387F-46D2-ADFD-204FE05A4B22}"
EndProject
Global
	GlobalSection(SolutionConfigurationPlatforms) = preSolution
		Debug|Any CPU = Debug|Any CPU
		Release|Any CPU = Release|Any CPU
	EndGlobalSection
	GlobalSection(ProjectConfigurationPlatforms) = postSolution
		{48035B82-18B2-496F-BA98-D228E4F9EAB9}.Debug|Any CPU.ActiveCfg = Debug|Any CPU
		{48035B82-18B2-496F-BA98-D228E4F9EAB9}.Debug|Any CPU.Build.0 = Debug|Any CPU
		{48035B82-18B2-496F-BA98-D228E4F9EAB9}.Release|Any CPU.ActiveCfg = Release|Any CPU
		{48035B82-18B2-496F-BA98-D228E4F9EAB9}.Release|Any CPU.Build.0 = Release|Any CPU
		{C9931FC8-8BA8-4C67-B6E7-1C98F10D980F}.Debug|Any CPU.ActiveCfg = Debug|Any CPU
		{C9931FC8-8BA8-4C67-B6E7-1C98F10D980F}.Debug|Any CPU.Build.0 = Debug|Any CPU
		{C9931FC8-8BA8-4C67-B6E7-1C98F10D980F}.Release|Any CPU.ActiveCfg = Release|Any CPU
		{C9931FC8-8BA8-4C67-B6E7-1C98F10D980F}.Release|Any CPU.Build.0 = Release|Any CPU
		{854A0B9C-EA73-4F0B-ADC3-FC3634C9DE10}.Debug|Any CPU.ActiveCfg = Debug|Any CPU
		{854A0B9C-EA73-4F0B-ADC3-FC3634C9DE10}.Debug|Any CPU.Build.0 = Debug|Any CPU
		{854A0B9C-EA73-4F0B-ADC3-FC3634C9DE10}.Release|Any CPU.ActiveCfg = Release|Any CPU
		{854A0B9C-EA73-4F0B-ADC3-FC3634C9DE10}.Release|Any CPU.Build.0 = Release|Any CPU
		{2AA7E01A-0CCC-4FAD-87F1-6011FBF45F08}.Debug|Any CPU.ActiveCfg = Debug|Any CPU
		{2AA7E01A-0CCC-4FAD-87F1-6011FBF45F08}.Debug|Any CPU.Build.0 = Debug|Any CPU
		{2AA7E01A-0CCC-4FAD-87F1-6011FBF45F08}.Release|Any CPU.ActiveCfg = Release|Any CPU
		{2AA7E01A-0CCC-4FAD-87F1-6011FBF45F08}.Release|Any CPU.Build.0 = Release|Any CPU
		{C7880262-4D50-4898-AC64-240C42C524BD}.Debug|Any CPU.ActiveCfg = Debug|Any CPU
		{C7880262-4D50-4898-AC64-240C42C524BD}.Debug|Any CPU.Build.0 = Debug|Any CPU
		{C7880262-4D50-4898-AC64-240C42C524BD}.Release|Any CPU.ActiveCfg = Release|Any CPU
		{C7880262-4D50-4898-AC64-240C42C524BD}.Release|Any CPU.Build.0 = Release|Any CPU
		{398793E1-387F-46D2-ADFD-204FE05A4B22}.Debug|Any CPU.ActiveCfg = Debug|Any CPU
		{398793E1-387F-46D2-ADFD-204FE05A4B22}.Debug|Any CPU.Build.0 = Debug|Any CPU
		{398793E1-387F-46D2-ADFD-204FE05A4B22}.Release|Any CPU.ActiveCfg = Release|Any CPU
		{398793E1-387F-46D2-ADFD-204FE05A4B22}.Release|Any CPU.Build.0 = Release|Any CPU
	EndGlobalSection
	GlobalSection(SolutionProperties) = preSolution
		HideSolutionNode = FALSE
	EndGlobalSection
	GlobalSection(ExtensibilityGlobals) = postSolution
		SolutionGuid = {D113753B-D62F-46EC-B6C5-2DD3D4CAE119}
	EndGlobalSection
EndGlobal
